# This file is automatically @generated by Cargo.
# It is not intended for manual editing.
[[package]]
name = "compiler_builtins"
version = "0.1.28"
source = "git+https://github.com/rust-lang/compiler-builtins#c2eba93e28ae38cf7bdb2fbead7ecbc8dfe82332"

[[package]]
name = "ertos"
version = "0.1.0"
dependencies = [
 "compiler_builtins 0.1.28 (git+https://github.com/rust-lang/compiler-builtins)",
]

[metadata]
"checksum compiler_builtins 0.1.28 (git+https://github.com/rust-lang/compiler-builtins)" = "<none>"
